
Microsoft Visual Studio Solution File, Format Version 12.00
# Visual Studio 2013
VisualStudioVersion = 12.0.21005.1
MinimumVisualStudioVersion = 10.0.40219.1
Project("{FAE04EC0-301F-11D3-BF4B-00C04F79EFBC}") = "DEMO", "DEMO\DEMO.csproj", "{DFDCDC65-2CEF-4C70-B601-2B3546599D80}"
EndProject
Project("{FAE04EC0-301F-11D3-BF4B-00C04F79EFBC}") = "ACCESODATOS", "ACCESODATOS\ACCESODATOS.csproj", "{71E3C517-8B78-4BF5-B211-55818DB5F314}"
EndProject
Project("{FAE04EC0-301F-11D3-BF4B-00C04F79EFBC}") = "CAPANEGOCIO", "CAPANEGOCIO\CAPANEGOCIO.csproj", "{50D96C33-F462-4A02-A73A-57F9D99FA031}"
EndProject
Global
	GlobalSection(SolutionConfigurationPlatforms) = preSolution
		Debug|Any CPU = Debug|Any CPU
		Release|Any CPU = Release|Any CPU
	EndGlobalSection
	GlobalSection(ProjectConfigurationPlatforms) = postSolution
		{DFDCDC65-2CEF-4C70-B601-2B3546599D80}.Debug|Any CPU.ActiveCfg = Debug|Any CPU
		{DFDCDC65-2CEF-4C70-B601-2B3546599D80}.Debug|Any CPU.Build.0 = Debug|Any CPU
		{DFDCDC65-2CEF-4C70-B601-2B3546599D80}.Release|Any CPU.ActiveCfg = Release|Any CPU
		{DFDCDC65-2CEF-4C70-B601-2B3546599D80}.Release|Any CPU.Build.0 = Release|Any CPU
		{71E3C517-8B78-4BF5-B211-55818DB5F314}.Debug|Any CPU.ActiveCfg = Debug|Any CPU
		{71E3C517-8B78-4BF5-B211-55818DB5F314}.Debug|Any CPU.Build.0 = Debug|Any CPU
		{71E3C517-8B78-4BF5-B211-55818DB5F314}.Release|Any CPU.ActiveCfg = Release|Any CPU
		{71E3C517-8B78-4BF5-B211-55818DB5F314}.Release|Any CPU.Build.0 = Release|Any CPU
		{50D96C33-F462-4A02-A73A-57F9D99FA031}.Debug|Any CPU.ActiveCfg = Debug|Any CPU
		{50D96C33-F462-4A02-A73A-57F9D99FA031}.Debug|Any CPU.Build.0 = Debug|Any CPU
		{50D96C33-F462-4A02-A73A-57F9D99FA031}.Release|Any CPU.ActiveCfg = Release|Any CPU
		{50D96C33-F462-4A02-A73A-57F9D99FA031}.Release|Any CPU.Build.0 = Release|Any CPU
	EndGlobalSection
	GlobalSection(SolutionProperties) = preSolution
		HideSolutionNode = FALSE
	EndGlobalSection
EndGlobal
